
Microsoft Visual Studio Solution File, Format Version 12.00
# Visual Studio Version 17
VisualStudioVersion = 17.11.35219.272
MinimumVisualStudioVersion = 10.0.40219.1
Project("{FAE04EC0-301F-11D3-BF4B-00C04F79EFBC}") = "EntityFrameWorkCoreTask1", "EntityFrameWorkCoreTask1\EntityFrameWorkCoreTask1.csproj", "{C0616539-0F4D-407B-9847-982FB374F832}"
EndProject
Global
	GlobalSection(SolutionConfigurationPlatforms) = preSolution
		Debug|Any CPU = Debug|Any CPU
		Release|Any CPU = Release|Any CPU
	EndGlobalSection
	GlobalSection(ProjectConfigurationPlatforms) = postSolution
		{C0616539-0F4D-407B-9847-982FB374F832}.Debug|Any CPU.ActiveCfg = Debug|Any CPU
		{C0616539-0F4D-407B-9847-982FB374F832}.Debug|Any CPU.Build.0 = Debug|Any CPU
		{C0616539-0F4D-407B-9847-982FB374F832}.Release|Any CPU.ActiveCfg = Release|Any CPU
		{C0616539-0F4D-407B-9847-982FB374F832}.Release|Any CPU.Build.0 = Release|Any CPU
	EndGlobalSection
	GlobalSection(SolutionProperties) = preSolution
		HideSolutionNode = FALSE
	EndGlobalSection
	GlobalSection(ExtensibilityGlobals) = postSolution
		SolutionGuid = {4C521429-86EB-47F5-B034-D7E62877A0DE}
	EndGlobalSection
EndGlobal
